
Microsoft Visual Studio Solution File, Format Version 12.00
# Visual Studio Version 17
VisualStudioVersion = 17.0.31919.166
MinimumVisualStudioVersion = 10.0.40219.1
Project("{FAE04EC0-301F-11D3-BF4B-00C04F79EFBC}") = "library_automation", "library_automation.csproj", "{4B635AFF-3FE8-491F-A6DD-821A8D42898C}"
EndProject
Global
	GlobalSection(SolutionConfigurationPlatforms) = preSolution
		Debug|Any CPU = Debug|Any CPU
		Release|Any CPU = Release|Any CPU
	EndGlobalSection
	GlobalSection(ProjectConfigurationPlatforms) = postSolution
		{4B635AFF-3FE8-491F-A6DD-821A8D42898C}.Debug|Any CPU.ActiveCfg = Debug|Any CPU
		{4B635AFF-3FE8-491F-A6DD-821A8D42898C}.Debug|Any CPU.Build.0 = Debug|Any CPU
		{4B635AFF-3FE8-491F-A6DD-821A8D42898C}.Release|Any CPU.ActiveCfg = Release|Any CPU
		{4B635AFF-3FE8-491F-A6DD-821A8D42898C}.Release|Any CPU.Build.0 = Release|Any CPU
	EndGlobalSection
	GlobalSection(SolutionProperties) = preSolution
		HideSolutionNode = FALSE
	EndGlobalSection
	GlobalSection(ExtensibilityGlobals) = postSolution
		SolutionGuid = {874FFDC2-3D17-484D-B03E-138BEA67C2AF}
	EndGlobalSection
EndGlobal
